
Microsoft Visual Studio Solution File, Format Version 12.00
# Visual Studio Version 16
VisualStudioVersion = 16.0.31313.79
MinimumVisualStudioVersion = 10.0.40219.1
Project("{9A19103F-16F7-4668-BE54-9A1E7A4F7556}") = "TestTaskVirusBlock", "TestTaskVirusBlock\TestTaskVirusBlock.csproj", "{147B2321-2610-4E48-9FB0-2593A255F7E6}"
EndProject
Project("{FAE04EC0-301F-11D3-BF4B-00C04F79EFBC}") = "TestTaskVirusBlock.DataAccess", "TestTaskVirusBlock.DataAccess\TestTaskVirusBlock.DataAccess.csproj", "{965EB21C-85BE-45CA-88CF-10D105840EDE}"
EndProject
Global
	GlobalSection(SolutionConfigurationPlatforms) = preSolution
		Debug|Any CPU = Debug|Any CPU
		Release|Any CPU = Release|Any CPU
	EndGlobalSection
	GlobalSection(ProjectConfigurationPlatforms) = postSolution
		{147B2321-2610-4E48-9FB0-2593A255F7E6}.Debug|Any CPU.ActiveCfg = Debug|Any CPU
		{147B2321-2610-4E48-9FB0-2593A255F7E6}.Debug|Any CPU.Build.0 = Debug|Any CPU
		{147B2321-2610-4E48-9FB0-2593A255F7E6}.Release|Any CPU.ActiveCfg = Release|Any CPU
		{147B2321-2610-4E48-9FB0-2593A255F7E6}.Release|Any CPU.Build.0 = Release|Any CPU
		{965EB21C-85BE-45CA-88CF-10D105840EDE}.Debug|Any CPU.ActiveCfg = Debug|Any CPU
		{965EB21C-85BE-45CA-88CF-10D105840EDE}.Debug|Any CPU.Build.0 = Debug|Any CPU
		{965EB21C-85BE-45CA-88CF-10D105840EDE}.Release|Any CPU.ActiveCfg = Release|Any CPU
		{965EB21C-85BE-45CA-88CF-10D105840EDE}.Release|Any CPU.Build.0 = Release|Any CPU
	EndGlobalSection
	GlobalSection(SolutionProperties) = preSolution
		HideSolutionNode = FALSE
	EndGlobalSection
	GlobalSection(ExtensibilityGlobals) = postSolution
		SolutionGuid = {F33FB452-1EC6-42C0-99CC-86AD2E0A197E}
	EndGlobalSection
EndGlobal
